// !$*UTF8*$!
{
	archiveVersion = 1;
	classes = {
	};
	objectVersion = 56;
	objects = {

/* Begin PBXBuildFile section */
		99BA80A02A2A73F4006C1DF8 /* AppDelegate.swift in Sources */ = {isa = PBXBuildFile; fileRef = 99BA809F2A2A73F4006C1DF8 /* AppDelegate.swift */; };
		99BA80A22A2A73F4006C1DF8 /* SceneDelegate.swift in Sources */ = {isa = PBXBuildFile; fileRef = 99BA80A12A2A73F4006C1DF8 /* SceneDelegate.swift */; };
		99BA80A42A2A73F4006C1DF8 /* ViewController.swift in Sources */ = {isa = PBXBuildFile; fileRef = 99BA80A32A2A73F4006C1DF8 /* ViewController.swift */; };
		99BA80A72A2A73F4006C1DF8 /* Main.storyboard in Resources */ = {isa = PBXBuildFile; fileRef = 99BA80A52A2A73F4006C1DF8 /* Main.storyboard */; };
		99BA80A92A2A73F6006C1DF8 /* Assets.xcassets in Resources */ = {isa = PBXBuildFile; fileRef = 99BA80A82A2A73F6006C1DF8 /* Assets.xcassets */; };
		99BA80AC2A2A73F6006C1DF8 /* LaunchScreen.storyboard in Resources */ = {isa = PBXBuildFile; fileRef = 99BA80AA2A2A73F6006C1DF8 /* LaunchScreen.storyboard */; };
		99BA80B72A2A73F6006C1DF8 /* DesafioTests.swift in Sources */ = {isa = PBXBuildFile; fileRef = 99BA80B62A2A73F6006C1DF8 /* DesafioTests.swift */; };
		99BA80C12A2A73F6006C1DF8 /* DesafioUITests.swift in Sources */ = {isa = PBXBuildFile; fileRef = 99BA80C02A2A73F6006C1DF8 /* DesafioUITests.swift */; };
		99BA80C32A2A73F6006C1DF8 /* DesafioUITestsLaunchTests.swift in Sources */ = {isa = PBXBuildFile; fileRef = 99BA80C22A2A73F6006C1DF8 /* DesafioUITestsLaunchTests.swift */; };
		99BA80D12A2A763B006C1DF8 /* SwiftDate in Frameworks */ = {isa = PBXBuildFile; productRef = 99BA80D02A2A763B006C1DF8 /* SwiftDate */; };
		C6E7D329EC2D3BA987BE4C35 /* Pods_Desafio.framework in Frameworks */ = {isa = PBXBuildFile; fileRef = AA4FE22597A548FA372714D6 /* Pods_Desafio.framework */; };
/* End PBXBuildFile section */

/* Begin PBXContainerItemProxy section */
		99BA80B32A2A73F6006C1DF8 /* PBXContainerItemProxy */ = {
			isa = PBXContainerItemProxy;
			containerPortal = 99BA80942A2A73F4006C1DF8 /* Project object */;
			proxyType = 1;
			remoteGlobalIDString = 99BA809B2A2A73F4006C1DF8;
			remoteInfo = Desafio;
		};
		99BA80BD2A2A73F6006C1DF8 /* PBXContainerItemProxy */ = {
			isa = PBXContainerItemProxy;
			containerPortal = 99BA80942A2A73F4006C1DF8 /* Project object */;
			proxyType = 1;
			remoteGlobalIDString = 99BA809B2A2A73F4006C1DF8;
			remoteInfo = Desafio;
		};
/* End PBXContainerItemProxy section */

/* Begin PBXFileReference section */
		6DD71B77082D694779CF5E2E /* Pods-Desafio.debug.xcconfig */ = {isa = PBXFileReference; includeInIndex = 1; lastKnownFileType = text.xcconfig; name = "Pods-Desafio.debug.xcconfig"; path = "Target Support Files/Pods-Desafio/Pods-Desafio.debug.xcconfig"; sourceTree = "<group>"; };
		99BA809C2A2A73F4006C1DF8 /* Desafio.app */ = {isa = PBXFileReference; explicitFileType = wrapper.application; includeInIndex = 0; path = Desafio.app; sourceTree = BUILT_PRODUCTS_DIR; };
		99BA809F2A2A73F4006C1DF8 /* AppDelegate.swift */ = {isa = PBXFileReference; lastKnownFileType = sourcecode.swift; path = AppDelegate.swift; sourceTree = "<group>"; };
		99BA80A12A2A73F4006C1DF8 /* SceneDelegate.swift */ = {isa = PBXFileReference; lastKnownFileType = sourcecode.swift; path = SceneDelegate.swift; sourceTree = "<group>"; };
		99BA80A32A2A73F4006C1DF8 /* ViewController.swift */ = {isa = PBXFileReference; lastKnownFileType = sourcecode.swift; path = ViewController.swift; sourceTree = "<group>"; };
		99BA80A62A2A73F4006C1DF8 /* Base */ = {isa = PBXFileReference; lastKnownFileType = file.storyboard; name = Base; path = Base.lproj/Main.storyboard; sourceTree = "<group>"; };
		99BA80A82A2A73F6006C1DF8 /* Assets.xcassets */ = {isa = PBXFileReference; lastKnownFileType = folder.assetcatalog; path = Assets.xcassets; sourceTree = "<group>"; };
		99BA80AB2A2A73F6006C1DF8 /* Base */ = {isa = PBXFileReference; lastKnownFileType = file.storyboard; name = Base; path = Base.lproj/LaunchScreen.storyboard; sourceTree = "<group>"; };
		99BA80AD2A2A73F6006C1DF8 /* Info.plist */ = {isa = PBXFileReference; lastKnownFileType = text.plist.xml; path = Info.plist; sourceTree = "<group>"; };
		99BA80B22A2A73F6006C1DF8 /* DesafioTests.xctest */ = {isa = PBXFileReference; explicitFileType = wrapper.cfbundle; includeInIndex = 0; path = DesafioTests.xctest; sourceTree = BUILT_PRODUCTS_DIR; };
		99BA80B62A2A73F6006C1DF8 /* DesafioTests.swift */ = {isa = PBXFileReference; lastKnownFileType = sourcecode.swift; path = DesafioTests.swift; sourceTree = "<group>"; };
		99BA80BC2A2A73F6006C1DF8 /* DesafioUITests.xctest */ = {isa = PBXFileReference; explicitFileType = wrapper.cfbundle; includeInIndex = 0; path = DesafioUITests.xctest; sourceTree = BUILT_PRODUCTS_DIR; };
		99BA80C02A2A73F6006C1DF8 /* DesafioUITests.swift */ = {isa = PBXFileReference; lastKnownFileType = sourcecode.swift; path = DesafioUITests.swift; sourceTree = "<group>"; };
		99BA80C22A2A73F6006C1DF8 /* DesafioUITestsLaunchTests.swift */ = {isa = PBXFileReference; lastKnownFileType = sourcecode.swift; path = DesafioUITestsLaunchTests.swift; sourceTree = "<group>"; };
		AA4FE22597A548FA372714D6 /* Pods_Desafio.framework */ = {isa = PBXFileReference; explicitFileType = wrapper.framework; includeInIndex = 0; path = Pods_Desafio.framework; sourceTree = BUILT_PRODUCTS_DIR; };
		BAC1C75818A3FD65DACED58E /* Pods-Desafio.release.xcconfig */ = {isa = PBXFileReference; includeInIndex = 1; lastKnownFileType = text.xcconfig; name = "Pods-Desafio.release.xcconfig"; path = "Target Support Files/Pods-Desafio/Pods-Desafio.release.xcconfig"; sourceTree = "<group>"; };
/* End PBXFileReference section */

/* Begin PBXFrameworksBuildPhase section */
		99BA80992A2A73F4006C1DF8 /* Frameworks */ = {
			isa = PBXFrameworksBuildPhase;
			buildActionMask = 2147483647;
			files = (
				99BA80D12A2A763B006C1DF8 /* SwiftDate in Frameworks */,
				C6E7D329EC2D3BA987BE4C35 /* Pods_Desafio.framework in Frameworks */,
			);
			runOnlyForDeploymentPostprocessing = 0;
		};
		99BA80AF2A2A73F6006C1DF8 /* Frameworks */ = {
			isa = PBXFrameworksBuildPhase;
			buildActionMask = 2147483647;
			files = (
			);
			runOnlyForDeploymentPostprocessing = 0;
		};
		99BA80B92A2A73F6006C1DF8 /* Frameworks */ = {
			isa = PBXFrameworksBuildPhase;
			buildActionMask = 2147483647;
			files = (
			);
			runOnlyForDeploymentPostprocessing = 0;
		};
/* End PBXFrameworksBuildPhase section */

/* Begin PBXGroup section */
		99BA80932A2A73F4006C1DF8 = {
			isa = PBXGroup;
			children = (
				99BA809E2A2A73F4006C1DF8 /* Desafio */,
				99BA80B52A2A73F6006C1DF8 /* DesafioTests */,
				99BA80BF2A2A73F6006C1DF8 /* DesafioUITests */,
				99BA809D2A2A73F4006C1DF8 /* Products */,
				DFE173815299375E918ABD9E /* Pods */,
				DD2E53EDFAE5D8FC9CBDE164 /* Frameworks */,
			);
			sourceTree = "<group>";
		};
		99BA809D2A2A73F4006C1DF8 /* Products */ = {
			isa = PBXGroup;
			children = (
				99BA809C2A2A73F4006C1DF8 /* Desafio.app */,
				99BA80B22A2A73F6006C1DF8 /* DesafioTests.xctest */,
				99BA80BC2A2A73F6006C1DF8 /* DesafioUITests.xctest */,
			);
			name = Products;
			sourceTree = "<group>";
		};
		99BA809E2A2A73F4006C1DF8 /* Desafio */ = {
			isa = PBXGroup;
			children = (
				99BA809F2A2A73F4006C1DF8 /* AppDelegate.swift */,
				99BA80A12A2A73F4006C1DF8 /* SceneDelegate.swift */,
				99BA80A32A2A73F4006C1DF8 /* ViewController.swift */,
				99BA80A52A2A73F4006C1DF8 /* Main.storyboard */,
				99BA80A82A2A73F6006C1DF8 /* Assets.xcassets */,
				99BA80AA2A2A73F6006C1DF8 /* LaunchScreen.storyboard */,
				99BA80AD2A2A73F6006C1DF8 /* Info.plist */,
			);
			path = Desafio;
			sourceTree = "<group>";
		};
		99BA80B52A2A73F6006C1DF8 /* DesafioTests */ = {
			isa = PBXGroup;
			children = (
				99BA80B62A2A73F6006C1DF8 /* DesafioTests.swift */,
			);
			path = DesafioTests;
			sourceTree = "<group>";
		};
		99BA80BF2A2A73F6006C1DF8 /* DesafioUITests */ = {
			isa = PBXGroup;
			children = (
				99BA80C02A2A73F6006C1DF8 /* DesafioUITests.swift */,
				99BA80C22A2A73F6006C1DF8 /* DesafioUITestsLaunchTests.swift */,
			);
			path = DesafioUITests;
			sourceTree = "<group>";
		};
		DD2E53EDFAE5D8FC9CBDE164 /* Frameworks */ = {
			isa = PBXGroup;
			children = (
				AA4FE22597A548FA372714D6 /* Pods_Desafio.framework */,
			);
			name = Frameworks;
			sourceTree = "<group>";
		};
		DFE173815299375E918ABD9E /* Pods */ = {
			isa = PBXGroup;
			children = (
				6DD71B77082D694779CF5E2E /* Pods-Desafio.debug.xcconfig */,
				BAC1C75818A3FD65DACED58E /* Pods-Desafio.release.xcconfig */,
			);
			path = Pods;
			sourceTree = "<group>";
		};
/* End PBXGroup section */

/* Begin PBXNativeTarget section */
		99BA809B2A2A73F4006C1DF8 /* Desafio */ = {
			isa = PBXNativeTarget;
			buildConfigurationList = 99BA80C62A2A73F6006C1DF8 /* Build configuration list for PBXNativeTarget "Desafio" */;
			buildPhases = (
				8AD9457D09749BAAF6A1DB28 /* [CP] Check Pods Manifest.lock */,
				99BA80982A2A73F4006C1DF8 /* Sources */,
				99BA80992A2A73F4006C1DF8 /* Frameworks */,
				99BA809A2A2A73F4006C1DF8 /* Resources */,
				03478BA8B686F8E1D01F53B5 /* [CP] Embed Pods Frameworks */,
			);
			buildRules = (
			);
			dependencies = (
			);
			name = Desafio;
			packageProductDependencies = (
				99BA80D02A2A763B006C1DF8 /* SwiftDate */,
			);
			productName = Desafio;
			productReference = 99BA809C2A2A73F4006C1DF8 /* Desafio.app */;
			productType = "com.apple.product-type.application";
		};
		99BA80B12A2A73F6006C1DF8 /* DesafioTests */ = {
			isa = PBXNativeTarget;
			buildConfigurationList = 99BA80C92A2A73F6006C1DF8 /* Build configuration list for PBXNativeTarget "DesafioTests" */;
			buildPhases = (
				99BA80AE2A2A73F6006C1DF8 /* Sources */,
				99BA80AF2A2A73F6006C1DF8 /* Frameworks */,
				99BA80B02A2A73F6006C1DF8 /* Resources */,
			);
			buildRules = (
			);
			dependencies = (
				99BA80B42A2A73F6006C1DF8 /* PBXTargetDependency */,
			);
			name = DesafioTests;
			productName = DesafioTests;
			productReference = 99BA80B22A2A73F6006C1DF8 /* DesafioTests.xctest */;
			productType = "com.apple.product-type.bundle.unit-test";
		};
		99BA80BB2A2A73F6006C1DF8 /* DesafioUITests */ = {
			isa = PBXNativeTarget;
			buildConfigurationList = 99BA80CC2A2A73F6006C1DF8 /* Build configuration list for PBXNativeTarget "DesafioUITests" */;
			buildPhases = (
				99BA80B82A2A73F6006C1DF8 /* Sources */,
				99BA80B92A2A73F6006C1DF8 /* Frameworks */,
				99BA80BA2A2A73F6006C1DF8 /* Resources */,
			);
			buildRules = (
			);
			dependencies = (
				99BA80BE2A2A73F6006C1DF8 /* PBXTargetDependency */,
			);
			name = DesafioUITests;
			productName = DesafioUITests;
			productReference = 99BA80BC2A2A73F6006C1DF8 /* DesafioUITests.xctest */;
			productType = "com.apple.product-type.bundle.ui-testing";
		};
/* End PBXNativeTarget section */

/* Begin PBXProject section */
		99BA80942A2A73F4006C1DF8 /* Project object */ = {
			isa = PBXProject;
			attributes = {
				BuildIndependentTargetsInParallel = 1;
				LastSwiftUpdateCheck = 1430;
				LastUpgradeCheck = 1430;
				TargetAttributes = {
					99BA809B2A2A73F4006C1DF8 = {
						CreatedOnToolsVersion = 14.3.1;
					};
					99BA80B12A2A73F6006C1DF8 = {
						CreatedOnToolsVersion = 14.3.1;
						TestTargetID = 99BA809B2A2A73F4006C1DF8;
					};
					99BA80BB2A2A73F6006C1DF8 = {
						CreatedOnToolsVersion = 14.3.1;
						TestTargetID = 99BA809B2A2A73F4006C1DF8;
					};
				};
			};
			buildConfigurationList = 99BA80972A2A73F4006C1DF8 /* Build configuration list for PBXProject "Desafio" */;
			compatibilityVersion = "Xcode 14.0";
			developmentRegion = en;
			hasScannedForEncodings = 0;
			knownRegions = (
				en,
				Base,
			);
			mainGroup = 99BA80932A2A73F4006C1DF8;
			packageReferences = (
				99BA80CF2A2A763B006C1DF8 /* XCRemoteSwiftPackageReference "SwiftDate" */,
			);
			productRefGroup = 99BA809D2A2A73F4006C1DF8 /* Products */;
			projectDirPath = "";
			projectRoot = "";
			targets = (
				99BA809B2A2A73F4006C1DF8 /* Desafio */,
				99BA80B12A2A73F6006C1DF8 /* DesafioTests */,
				99BA80BB2A2A73F6006C1DF8 /* DesafioUITests */,
			);
		};
/* End PBXProject section */

/* Begin PBXResourcesBuildPhase section */
		99BA809A2A2A73F4006C1DF8 /* Resources */ = {
			isa = PBXResourcesBuildPhase;
			buildActionMask = 2147483647;
			files = (
				99BA80AC2A2A73F6006C1DF8 /* LaunchScreen.storyboard in Resources */,
				99BA80A92A2A73F6006C1DF8 /* Assets.xcassets in Resources */,
				99BA80A72A2A73F4006C1DF8 /* Main.storyboard in Resources */,
			);
			runOnlyForDeploymentPostprocessing = 0;
		};
		99BA80B02A2A73F6006C1DF8 /* Resources */ = {
			isa = PBXResourcesBuildPhase;
			buildActionMask = 2147483647;
			files = (
			);
			runOnlyForDeploymentPostprocessing = 0;
		};
		99BA80BA2A2A73F6006C1DF8 /* Resources */ = {
			isa = PBXResourcesBuildPhase;
			buildActionMask = 2147483647;
			files = (
			);
			runOnlyForDeploymentPostprocessing = 0;
		};
/* End PBXResourcesBuildPhase section */

/* Begin PBXShellScriptBuildPhase section */
		03478BA8B686F8E1D01F53B5 /* [CP] Embed Pods Frameworks */ = {
			isa = PBXShellScriptBuildPhase;
			buildActionMask = 2147483647;
			files = (
			);
			inputFileListPaths = (
				"${PODS_ROOT}/Target Support Files/Pods-Desafio/Pods-Desafio-frameworks-${CONFIGURATION}-input-files.xcfilelist",
			);
			name = "[CP] Embed Pods Frameworks";
			outputFileListPaths = (
				"${PODS_ROOT}/Target Support Files/Pods-Desafio/Pods-Desafio-frameworks-${CONFIGURATION}-output-files.xcfilelist",
			);
			runOnlyForDeploymentPostprocessing = 0;
			shellPath = /bin/sh;
			shellScript = "\"${PODS_ROOT}/Target Support Files/Pods-Desafio/Pods-Desafio-frameworks.sh\"\n";
			showEnvVarsInLog = 0;
		};
		8AD9457D09749BAAF6A1DB28 /* [CP] Check Pods Manifest.lock */ = {
			isa = PBXShellScriptBuildPhase;
			buildActionMask = 2147483647;
			files = (
			);
			inputFileListPaths = (
			);
			inputPaths = (
				"${PODS_PODFILE_DIR_PATH}/Podfile.lock",
				"${PODS_ROOT}/Manifest.lock",
			);
			name = "[CP] Check Pods Manifest.lock";
			outputFileListPaths = (
			);
			outputPaths = (
				"$(DERIVED_FILE_DIR)/Pods-Desafio-checkManifestLockResult.txt",
			);
			runOnlyForDeploymentPostprocessing = 0;
			shellPath = /bin/sh;
			shellScript = "diff \"${PODS_PODFILE_DIR_PATH}/Podfile.lock\" \"${PODS_ROOT}/Manifest.lock\" > /dev/null\nif [ $? != 0 ] ; then\n    # print error to STDERR\n    echo \"error: The sandbox is not in sync with the Podfile.lock. Run 'pod install' or update your CocoaPods installation.\" >&2\n    exit 1\nfi\n# This output is used by Xcode 'outputs' to avoid re-running this script phase.\necho \"SUCCESS\" > \"${SCRIPT_OUTPUT_FILE_0}\"\n";
			showEnvVarsInLog = 0;
		};
/* End PBXShellScriptBuildPhase section */

/* Begin PBXSourcesBuildPhase section */
		99BA80982A2A73F4006C1DF8 /* Sources */ = {
			isa = PBXSourcesBuildPhase;
			buildActionMask = 2147483647;
			files = (
				99BA80A42A2A73F4006C1DF8 /* ViewController.swift in Sources */,
				99BA80A02A2A73F4006C1DF8 /* AppDelegate.swift in Sources */,
				99BA80A22A2A73F4006C1DF8 /* SceneDelegate.swift in Sources */,
			);
			runOnlyForDeploymentPostprocessing = 0;
		};
		99BA80AE2A2A73F6006C1DF8 /* Sources */ = {
			isa = PBXSourcesBuildPhase;
			buildActionMask = 2147483647;
			files = (
				99BA80B72A2A73F6006C1DF8 /* DesafioTests.swift in Sources */,
			);
			runOnlyForDeploymentPostprocessing = 0;
		};
		99BA80B82A2A73F6006C1DF8 /* Sources */ = {
			isa = PBXSourcesBuildPhase;
			buildActionMask = 2147483647;
			files = (
				99BA80C32A2A73F6006C1DF8 /* DesafioUITestsLaunchTests.swift in Sources */,
				99BA80C12A2A73F6006C1DF8 /* DesafioUITests.swift in Sources */,
			);
			runOnlyForDeploymentPostprocessing = 0;
		};
/* End PBXSourcesBuildPhase section */

/* Begin PBXTargetDependency section */
		99BA80B42A2A73F6006C1DF8 /* PBXTargetDependency */ = {
			isa = PBXTargetDependency;
			target = 99BA809B2A2A73F4006C1DF8 /* Desafio */;
			targetProxy = 99BA80B32A2A73F6006C1DF8 /* PBXContainerItemProxy */;
		};
		99BA80BE2A2A73F6006C1DF8 /* PBXTargetDependency */ = {
			isa = PBXTargetDependency;
			target = 99BA809B2A2A73F4006C1DF8 /* Desafio */;
			targetProxy = 99BA80BD2A2A73F6006C1DF8 /* PBXContainerItemProxy */;
		};
/* End PBXTargetDependency section */

/* Begin PBXVariantGroup section */
		99BA80A52A2A73F4006C1DF8 /* Main.storyboard */ = {
			isa = PBXVariantGroup;
			children = (
				99BA80A62A2A73F4006C1DF8 /* Base */,
			);
			name = Main.storyboard;
			sourceTree = "<group>";
		};
		99BA80AA2A2A73F6006C1DF8 /* LaunchScreen.storyboard */ = {
			isa = PBXVariantGroup;
			children = (
				99BA80AB2A2A73F6006C1DF8 /* Base */,
			);
			name = LaunchScreen.storyboard;
			sourceTree = "<group>";
		};
/* End PBXVariantGroup section */

/* Begin XCBuildConfiguration section */
		99BA80C42A2A73F6006C1DF8 /* Debug */ = {
			isa = XCBuildConfiguration;
			buildSettings = {
				ALWAYS_SEARCH_USER_PATHS = NO;
				CLANG_ANALYZER_NONNULL = YES;
				CLANG_ANALYZER_NUMBER_OBJECT_CONVERSION = YES_AGGRESSIVE;
				CLANG_CXX_LANGUAGE_STANDARD = "gnu++20";
				CLANG_ENABLE_MODULES = YES;
				CLANG_ENABLE_OBJC_ARC = YES;
				CLANG_ENABLE_OBJC_WEAK = YES;
				CLANG_WARN_BLOCK_CAPTURE_AUTORELEASING = YES;
				CLANG_WARN_BOOL_CONVERSION = YES;
				CLANG_WARN_COMMA = YES;
				CLANG_WARN_CONSTANT_CONVERSION = YES;
				CLANG_WARN_DEPRECATED_OBJC_IMPLEMENTATIONS = YES;
				CLANG_WARN_DIRECT_OBJC_ISA_USAGE = YES_ERROR;
				CLANG_WARN_DOCUMENTATION_COMMENTS = YES;
				CLANG_WARN_EMPTY_BODY = YES;
				CLANG_WARN_ENUM_CONVERSION = YES;
				CLANG_WARN_INFINITE_RECURSION = YES;
				CLANG_WARN_INT_CONVERSION = YES;
				CLANG_WARN_NON_LITERAL_NULL_CONVERSION = YES;
				CLANG_WARN_OBJC_IMPLICIT_RETAIN_SELF = YES;
				CLANG_WARN_OBJC_LITERAL_CONVERSION = YES;
				CLANG_WARN_OBJC_ROOT_CLASS = YES_ERROR;
				CLANG_WARN_QUOTED_INCLUDE_IN_FRAMEWORK_HEADER = YES;
				CLANG_WARN_RANGE_LOOP_ANALYSIS = YES;
				CLANG_WARN_STRICT_PROTOTYPES = YES;
				CLANG_WARN_SUSPICIOUS_MOVE = YES;
				CLANG_WARN_UNGUARDED_AVAILABILITY = YES_AGGRESSIVE;
				CLANG_WARN_UNREACHABLE_CODE = YES;
				CLANG_WARN__DUPLICATE_METHOD_MATCH = YES;
				COPY_PHASE_STRIP = NO;
				DEBUG_INFORMATION_FORMAT = dwarf;
				ENABLE_STRICT_OBJC_MSGSEND = YES;
				ENABLE_TESTABILITY = YES;
				GCC_C_LANGUAGE_STANDARD = gnu11;
				GCC_DYNAMIC_NO_PIC = NO;
				GCC_NO_COMMON_BLOCKS = YES;
				GCC_OPTIMIZATION_LEVEL = 0;
				GCC_PREPROCESSOR_DEFINITIONS = (
					"DEBUG=1",
					"$(inherited)",
				);
				GCC_WARN_64_TO_32_BIT_CONVERSION = YES;
				GCC_WARN_ABOUT_RETURN_TYPE = YES_ERROR;
				GCC_WARN_UNDECLARED_SELECTOR = YES;
				GCC_WARN_UNINITIALIZED_AUTOS = YES_AGGRESSIVE;
				GCC_WARN_UNUSED_FUNCTION = YES;
				GCC_WARN_UNUSED_VARIABLE = YES;
				IPHONEOS_DEPLOYMENT_TARGET = 16.4;
				MTL_ENABLE_DEBUG_INFO = INCLUDE_SOURCE;
				MTL_FAST_MATH = YES;
				ONLY_ACTIVE_ARCH = YES;
				SDKROOT = iphoneos;
				SWIFT_ACTIVE_COMPILATION_CONDITIONS = DEBUG;
				SWIFT_OPTIMIZATION_LEVEL = "-Onone";
			};
			name = Debug;
		};
		99BA80C52A2A73F6006C1DF8 /* Release */ = {
			isa = XCBuildConfiguration;
			buildSettings = {
				ALWAYS_SEARCH_USER_PATHS = NO;
				CLANG_ANALYZER_NONNULL = YES;
				CLANG_ANALYZER_NUMBER_OBJECT_CONVERSION = YES_AGGRESSIVE;
				CLANG_CXX_LANGUAGE_STANDARD = "gnu++20";
				CLANG_ENABLE_MODULES = YES;
				CLANG_ENABLE_OBJC_ARC = YES;
				CLANG_ENABLE_OBJC_WEAK = YES;
				CLANG_WARN_BLOCK_CAPTURE_AUTORELEASING = YES;
				CLANG_WARN_BOOL_CONVERSION = YES;
				CLANG_WARN_COMMA = YES;
				CLANG_WARN_CONSTANT_CONVERSION = YES;
				CLANG_WARN_DEPRECATED_OBJC_IMPLEMENTATIONS = YES;
				CLANG_WARN_DIRECT_OBJC_ISA_USAGE = YES_ERROR;
				CLANG_WARN_DOCUMENTATION_COMMENTS = YES;
				CLANG_WARN_EMPTY_BODY = YES;
				CLANG_WARN_ENUM_CONVERSION = YES;
				CLANG_WARN_INFINITE_RECURSION = YES;
				CLANG_WARN_INT_CONVERSION = YES;
				CLANG_WARN_NON_LITERAL_NULL_CONVERSION = YES;
				CLANG_WARN_OBJC_IMPLICIT_RETAIN_SELF = YES;
				CLANG_WARN_OBJC_LITERAL_CONVERSION = YES;
				CLANG_WARN_OBJC_ROOT_CLASS = YES_ERROR;
				CLANG_WARN_QUOTED_INCLUDE_IN_FRAMEWORK_HEADER = YES;
				CLANG_WARN_RANGE_LOOP_ANALYSIS = YES;
				CLANG_WARN_STRICT_PROTOTYPES = YES;
				CLANG_WARN_SUSPICIOUS_MOVE = YES;
				CLANG_WARN_UNGUARDED_AVAILABILITY = YES_AGGRESSIVE;
				CLANG_WARN_UNREACHABLE_CODE = YES;
				CLANG_WARN__DUPLICATE_METHOD_MATCH = YES;
				COPY_PHASE_STRIP = NO;
				DEBUG_INFORMATION_FORMAT = "dwarf-with-dsym";
				ENABLE_NS_ASSERTIONS = NO;
				ENABLE_STRICT_OBJC_MSGSEND = YES;
				GCC_C_LANGUAGE_STANDARD = gnu11;
				GCC_NO_COMMON_BLOCKS = YES;
				GCC_WARN_64_TO_32_BIT_CONVERSION = YES;
				GCC_WARN_ABOUT_RETURN_TYPE = YES_ERROR;
				GCC_WARN_UNDECLARED_SELECTOR = YES;
				GCC_WARN_UNINITIALIZED_AUTOS = YES_AGGRESSIVE;
				GCC_WARN_UNUSED_FUNCTION = YES;
				GCC_WARN_UNUSED_VARIABLE = YES;
				IPHONEOS_DEPLOYMENT_TARGET = 16.4;
				MTL_ENABLE_DEBUG_INFO = NO;
				MTL_FAST_MATH = YES;
				SDKROOT = iphoneos;
				SWIFT_COMPILATION_MODE = wholemodule;
				SWIFT_OPTIMIZATION_LEVEL = "-O";
				VALIDATE_PRODUCT = YES;
			};
			name = Release;
		};
		99BA80C72A2A73F6006C1DF8 /* Debug */ = {
			isa = XCBuildConfiguration;
			baseConfigurationReference = 6DD71B77082D694779CF5E2E /* Pods-Desafio.debug.xcconfig */;
			buildSettings = {
				ASSETCATALOG_COMPILER_APPICON_NAME = AppIcon;
				ASSETCATALOG_COMPILER_GLOBAL_ACCENT_COLOR_NAME = AccentColor;
				CODE_SIGN_STYLE = Automatic;
				CURRENT_PROJECT_VERSION = 1;
				GENERATE_INFOPLIST_FILE = YES;
				INFOPLIST_FILE = Desafio/Info.plist;
				INFOPLIST_KEY_UIApplicationSupportsIndirectInputEvents = YES;
				INFOPLIST_KEY_UILaunchStoryboardName = LaunchScreen;
				INFOPLIST_KEY_UIMainStoryboardFile = Main;
				INFOPLIST_KEY_UISupportedInterfaceOrientations_iPad = "UIInterfaceOrientationPortrait UIInterfaceOrientationPortraitUpsideDown UIInterfaceOrientationLandscapeLeft UIInterfaceOrientationLandscapeRight";
				INFOPLIST_KEY_UISupportedInterfaceOrientations_iPhone = "UIInterfaceOrientationPortrait UIInterfaceOrientationLandscapeLeft UIInterfaceOrientationLandscapeRight";
				LD_RUNPATH_SEARCH_PATHS = (
					"$(inherited)",
					"@executable_path/Frameworks",
				);
				MARKETING_VERSION = 1.0;
				PRODUCT_BUNDLE_IDENTIFIER = The.Desafio;
				PRODUCT_NAME = "$(TARGET_NAME)";
				SWIFT_EMIT_LOC_STRINGS = YES;
				SWIFT_VERSION = 5.0;
				TARGETED_DEVICE_FAMILY = "1,2";
			};
			name = Debug;
		};
		99BA80C82A2A73F6006C1DF8 /* Release */ = {
			isa = XCBuildConfiguration;
			baseConfigurationReference = BAC1C75818A3FD65DACED58E /* Pods-Desafio.release.xcconfig */;
			buildSettings = {
				ASSETCATALOG_COMPILER_APPICON_NAME = AppIcon;
				ASSETCATALOG_COMPILER_GLOBAL_ACCENT_COLOR_NAME = AccentColor;
				CODE_SIGN_STYLE = Automatic;
				CURRENT_PROJECT_VERSION = 1;
				GENERATE_INFOPLIST_FILE = YES;
				INFOPLIST_FILE = Desafio/Info.plist;
				INFOPLIST_KEY_UIApplicationSupportsIndirectInputEvents = YES;
				INFOPLIST_KEY_UILaunchStoryboardName = LaunchScreen;
				INFOPLIST_KEY_UIMainStoryboardFile = Main;
				INFOPLIST_KEY_UISupportedInterfaceOrientations_iPad = "UIInterfaceOrientationPortrait UIInterfaceOrientationPortraitUpsideDown UIInterfaceOrientationLandscapeLeft UIInterfaceOrientationLandscapeRight";
				INFOPLIST_KEY_UISupportedInterfaceOrientations_iPhone = "UIInterfaceOrientationPortrait UIInterfaceOrientationLandscapeLeft UIInterfaceOrientationLandscapeRight";
				LD_RUNPATH_SEARCH_PATHS = (
					"$(inherited)",
					"@executable_path/Frameworks",
				);
				MARKETING_VERSION = 1.0;
				PRODUCT_BUNDLE_IDENTIFIER = The.Desafio;
				PRODUCT_NAME = "$(TARGET_NAME)";
				SWIFT_EMIT_LOC_STRINGS = YES;
				SWIFT_VERSION = 5.0;
				TARGETED_DEVICE_FAMILY = "1,2";
			};
			name = Release;
		};
		99BA80CA2A2A73F6006C1DF8 /* Debug */ = {
			isa = XCBuildConfiguration;
			buildSettings = {
				ALWAYS_EMBED_SWIFT_STANDARD_LIBRARIES = YES;
				BUNDLE_LOADER = "$(TEST_HOST)";
				CODE_SIGN_STYLE = Automatic;
				CURRENT_PROJECT_VERSION = 1;
				GENERATE_INFOPLIST_FILE = YES;
				IPHONEOS_DEPLOYMENT_TARGET = 16.4;
				MARKETING_VERSION = 1.0;
				PRODUCT_BUNDLE_IDENTIFIER = The.DesafioTests;
				PRODUCT_NAME = "$(TARGET_NAME)";
				SWIFT_EMIT_LOC_STRINGS = NO;
				SWIFT_VERSION = 5.0;
				TARGETED_DEVICE_FAMILY = "1,2";
				TEST_HOST = "$(BUILT_PRODUCTS_DIR)/Desafio.app/$(BUNDLE_EXECUTABLE_FOLDER_PATH)/Desafio";
			};
			name = Debug;
		};
		99BA80CB2A2A73F6006C1DF8 /* Release */ = {
			isa = XCBuildConfiguration;
			buildSettings = {
				ALWAYS_EMBED_SWIFT_STANDARD_LIBRARIES = YES;
				BUNDLE_LOADER = "$(TEST_HOST)";
				CODE_SIGN_STYLE = Automatic;
				CURRENT_PROJECT_VERSION = 1;
				GENERATE_INFOPLIST_FILE = YES;
				IPHONEOS_DEPLOYMENT_TARGET = 16.4;
				MARKETING_VERSION = 1.0;
				PRODUCT_BUNDLE_IDENTIFIER = The.DesafioTests;
				PRODUCT_NAME = "$(TARGET_NAME)";
				SWIFT_EMIT_LOC_STRINGS = NO;
				SWIFT_VERSION = 5.0;
				TARGETED_DEVICE_FAMILY = "1,2";
				TEST_HOST = "$(BUILT_PRODUCTS_DIR)/Desafio.app/$(BUNDLE_EXECUTABLE_FOLDER_PATH)/Desafio";
			};
			name = Release;
		};
		99BA80CD2A2A73F6006C1DF8 /* Debug */ = {
			isa = XCBuildConfiguration;
			buildSettings = {
				ALWAYS_EMBED_SWIFT_STANDARD_LIBRARIES = YES;
				CODE_SIGN_STYLE = Automatic;
				CURRENT_PROJECT_VERSION = 1;
				GENERATE_INFOPLIST_FILE = YES;
				MARKETING_VERSION = 1.0;
				PRODUCT_BUNDLE_IDENTIFIER = The.DesafioUITests;
				PRODUCT_NAME = "$(TARGET_NAME)";
				SWIFT_EMIT_LOC_STRINGS = NO;
				SWIFT_VERSION = 5.0;
				TARGETED_DEVICE_FAMILY = "1,2";
				TEST_TARGET_NAME = Desafio;
			};
			name = Debug;
		};
		99BA80CE2A2A73F6006C1DF8 /* Release */ = {
			isa = XCBuildConfiguration;
			buildSettings = {
				ALWAYS_EMBED_SWIFT_STANDARD_LIBRARIES = YES;
				CODE_SIGN_STYLE = Automatic;
				CURRENT_PROJECT_VERSION = 1;
				GENERATE_INFOPLIST_FILE = YES;
				MARKETING_VERSION = 1.0;
				PRODUCT_BUNDLE_IDENTIFIER = The.DesafioUITests;
				PRODUCT_NAME = "$(TARGET_NAME)";
				SWIFT_EMIT_LOC_STRINGS = NO;
				SWIFT_VERSION = 5.0;
				TARGETED_DEVICE_FAMILY = "1,2";
				TEST_TARGET_NAME = Desafio;
			};
			name = Release;
		};
/* End XCBuildConfiguration section */

/* Begin XCConfigurationList section */
		99BA80972A2A73F4006C1DF8 /* Build configuration list for PBXProject "Desafio" */ = {
			isa = XCConfigurationList;
			buildConfigurations = (
				99BA80C42A2A73F6006C1DF8 /* Debug */,
				99BA80C52A2A73F6006C1DF8 /* Release */,
			);
			defaultConfigurationIsVisible = 0;
			defaultConfigurationName = Release;
		};
		99BA80C62A2A73F6006C1DF8 /* Build configuration list for PBXNativeTarget "Desafio" */ = {
			isa = XCConfigurationList;
			buildConfigurations = (
				99BA80C72A2A73F6006C1DF8 /* Debug */,
				99BA80C82A2A73F6006C1DF8 /* Release */,
			);
			defaultConfigurationIsVisible = 0;
			defaultConfigurationName = Release;
		};
		99BA80C92A2A73F6006C1DF8 /* Build configuration list for PBXNativeTarget "DesafioTests" */ = {
			isa = XCConfigurationList;
			buildConfigurations = (
				99BA80CA2A2A73F6006C1DF8 /* Debug */,
				99BA80CB2A2A73F6006C1DF8 /* Release */,
			);
			defaultConfigurationIsVisible = 0;
			defaultConfigurationName = Release;
		};
		99BA80CC2A2A73F6006C1DF8 /* Build configuration list for PBXNativeTarget "DesafioUITests" */ = {
			isa = XCConfigurationList;
			buildConfigurations = (
				99BA80CD2A2A73F6006C1DF8 /* Debug */,
				99BA80CE2A2A73F6006C1DF8 /* Release */,
			);
			defaultConfigurationIsVisible = 0;
			defaultConfigurationName = Release;
		};
/* End XCConfigurationList section */

/* Begin XCRemoteSwiftPackageReference section */
		99BA80CF2A2A763B006C1DF8 /* XCRemoteSwiftPackageReference "SwiftDate" */ = {
			isa = XCRemoteSwiftPackageReference;
			repositoryURL = "https://github.com/malcommac/SwiftDate.git";
			requirement = {
				kind = upToNextMajorVersion;
				minimumVersion = 7.0.0;
			};
		};
/* End XCRemoteSwiftPackageReference section */

/* Begin XCSwiftPackageProductDependency section */
		99BA80D02A2A763B006C1DF8 /* SwiftDate */ = {
			isa = XCSwiftPackageProductDependency;
			package = 99BA80CF2A2A763B006C1DF8 /* XCRemoteSwiftPackageReference "SwiftDate" */;
			productName = SwiftDate;
		};
/* End XCSwiftPackageProductDependency section */
	};
	rootObject = 99BA80942A2A73F4006C1DF8 /* Project object */;
}
